
Microsoft Visual Studio Solution File, Format Version 12.00
# Visual Studio Version 17
VisualStudioVersion = 17.5.002.0
MinimumVisualStudioVersion = 10.0.40219.1
Project("{9A19103F-16F7-4668-BE54-9A1E7A4F7556}") = "TestWebApi", "TestWebApi.csproj", "{ED106436-2ACA-423B-ADA4-B1661814A5CC}"
EndProject
Global
	GlobalSection(SolutionConfigurationPlatforms) = preSolution
		Debug|Any CPU = Debug|Any CPU
		Release|Any CPU = Release|Any CPU
	EndGlobalSection
	GlobalSection(ProjectConfigurationPlatforms) = postSolution
		{ED106436-2ACA-423B-ADA4-B1661814A5CC}.Debug|Any CPU.ActiveCfg = Debug|Any CPU
		{ED106436-2ACA-423B-ADA4-B1661814A5CC}.Debug|Any CPU.Build.0 = Debug|Any CPU
		{ED106436-2ACA-423B-ADA4-B1661814A5CC}.Release|Any CPU.ActiveCfg = Release|Any CPU
		{ED106436-2ACA-423B-ADA4-B1661814A5CC}.Release|Any CPU.Build.0 = Release|Any CPU
	EndGlobalSection
	GlobalSection(SolutionProperties) = preSolution
		HideSolutionNode = FALSE
	EndGlobalSection
	GlobalSection(ExtensibilityGlobals) = postSolution
		SolutionGuid = {D51BF7BB-BDB2-405C-900F-46F562D66E34}
	EndGlobalSection
EndGlobal
